// !$*UTF8*$!
{
	archiveVersion = 1;
	classes = {
	};
	objectVersion = 50;
	objects = {

/* Begin PBXBuildFile section */
		F3244FC4242C11D000C3DA67 /* Preview Assets.xcassets in Resources */ = {isa = PBXBuildFile; fileRef = F3244FC3242C11D000C3DA67 /* Preview Assets.xcassets */; };
		F3244FC7242C11D000C3DA67 /* LaunchScreen.storyboard in Resources */ = {isa = PBXBuildFile; fileRef = F3244FC5242C11D000C3DA67 /* LaunchScreen.storyboard */; };
		F3244FD5242C12F100C3DA67 /* KeyboardViewController.swift in Sources */ = {isa = PBXBuildFile; fileRef = F3244FD4242C12F100C3DA67 /* KeyboardViewController.swift */; };
		F3244FD9242C12F100C3DA67 /* GaelicKeyboard.appex in Embed App Extensions */ = {isa = PBXBuildFile; fileRef = F3244FD2242C12F100C3DA67 /* GaelicKeyboard.appex */; settings = {ATTRIBUTES = (RemoveHeadersOnCopy, ); }; };
		F3244FE1242C19AC00C3DA67 /* AppDelegate.swift in Sources */ = {isa = PBXBuildFile; fileRef = F3244FBA242C11C300C3DA67 /* AppDelegate.swift */; };
		F3244FE2242C19AC00C3DA67 /* SceneDelegate.swift in Sources */ = {isa = PBXBuildFile; fileRef = F3244FBC242C11C300C3DA67 /* SceneDelegate.swift */; };
		F3244FE3242C19AC00C3DA67 /* ContentView.swift in Sources */ = {isa = PBXBuildFile; fileRef = F3244FBE242C11C300C3DA67 /* ContentView.swift */; };
		F3244FE4242C19AC00C3DA67 /* KeyboardKeyButton.swift in Sources */ = {isa = PBXBuildFile; fileRef = F3244FDE242C163B00C3DA67 /* KeyboardKeyButton.swift */; };
		F3244FE5242C19AC00C3DA67 /* Assets.xcassets in Resources */ = {isa = PBXBuildFile; fileRef = F3244FC0242C11D000C3DA67 /* Assets.xcassets */; };
		F3244FE6242C19AC00C3DA67 /* KeyboardViewController.swift in Sources */ = {isa = PBXBuildFile; fileRef = F3244FD4242C12F100C3DA67 /* KeyboardViewController.swift */; };
		F3244FE7242C19AC00C3DA67 /* AppDelegate.swift in Sources */ = {isa = PBXBuildFile; fileRef = F3244FBA242C11C300C3DA67 /* AppDelegate.swift */; };
		F3244FE8242C19AC00C3DA67 /* SceneDelegate.swift in Sources */ = {isa = PBXBuildFile; fileRef = F3244FBC242C11C300C3DA67 /* SceneDelegate.swift */; };
		F3244FE9242C19AC00C3DA67 /* ContentView.swift in Sources */ = {isa = PBXBuildFile; fileRef = F3244FBE242C11C300C3DA67 /* ContentView.swift */; };
		F3244FEA242C19AC00C3DA67 /* KeyboardKeyButton.swift in Sources */ = {isa = PBXBuildFile; fileRef = F3244FDE242C163B00C3DA67 /* KeyboardKeyButton.swift */; };
		F3244FED242DA06F00C3DA67 /* Colors.txt in Resources */ = {isa = PBXBuildFile; fileRef = F3244FEC242DA06E00C3DA67 /* Colors.txt */; };
		F3244FEE242DA06F00C3DA67 /* Colors.txt in Resources */ = {isa = PBXBuildFile; fileRef = F3244FEC242DA06E00C3DA67 /* Colors.txt */; };
		F3244FF6242DDAAD00C3DA67 /* Sizes.txt in Resources */ = {isa = PBXBuildFile; fileRef = F3244FF5242DDAAD00C3DA67 /* Sizes.txt */; };
		F3244FF7242DDAAD00C3DA67 /* Sizes.txt in Resources */ = {isa = PBXBuildFile; fileRef = F3244FF5242DDAAD00C3DA67 /* Sizes.txt */; };
		F357593C2435B14400FD9AFD /* ReturnKeyView.swift in Sources */ = {isa = PBXBuildFile; fileRef = F357593B2435B14400FD9AFD /* ReturnKeyView.swift */; };
		F357593D2435B14400FD9AFD /* ReturnKeyView.swift in Sources */ = {isa = PBXBuildFile; fileRef = F357593B2435B14400FD9AFD /* ReturnKeyView.swift */; };
		F357593F2435B78800FD9AFD /* NumSwitcherKeyView.swift in Sources */ = {isa = PBXBuildFile; fileRef = F357593E2435B78800FD9AFD /* NumSwitcherKeyView.swift */; };
		F35759402435B78800FD9AFD /* NumSwitcherKeyView.swift in Sources */ = {isa = PBXBuildFile; fileRef = F357593E2435B78800FD9AFD /* NumSwitcherKeyView.swift */; };
		F357594224369FBA00FD9AFD /* Preview Assets.xcassets in Resources */ = {isa = PBXBuildFile; fileRef = F3244FC3242C11D000C3DA67 /* Preview Assets.xcassets */; };
		F35759462437C6A900FD9AFD /* SymbolSwitcherKeyView.swift in Sources */ = {isa = PBXBuildFile; fileRef = F35759452437C6A900FD9AFD /* SymbolSwitcherKeyView.swift */; };
		F35759472437C6A900FD9AFD /* SymbolSwitcherKeyView.swift in Sources */ = {isa = PBXBuildFile; fileRef = F35759452437C6A900FD9AFD /* SymbolSwitcherKeyView.swift */; };
		F357594B2437E49C00FD9AFD /* GlobeKeyButtonView.swift in Sources */ = {isa = PBXBuildFile; fileRef = F357594A2437E49C00FD9AFD /* GlobeKeyButtonView.swift */; };
		F357594C2437E49C00FD9AFD /* GlobeKeyButtonView.swift in Sources */ = {isa = PBXBuildFile; fileRef = F357594A2437E49C00FD9AFD /* GlobeKeyButtonView.swift */; };
		F3596F1B2431908500EBF142 /* KeyData.swift in Sources */ = {isa = PBXBuildFile; fileRef = F3596F1A2431908500EBF142 /* KeyData.swift */; };
		F3596F1C2431908500EBF142 /* KeyData.swift in Sources */ = {isa = PBXBuildFile; fileRef = F3596F1A2431908500EBF142 /* KeyData.swift */; };
		F3596F1E2431BFA700EBF142 /* KeyboardView.swift in Sources */ = {isa = PBXBuildFile; fileRef = F3596F1D2431BFA700EBF142 /* KeyboardView.swift */; };
		F3596F1F2431BFA700EBF142 /* KeyboardView.swift in Sources */ = {isa = PBXBuildFile; fileRef = F3596F1D2431BFA700EBF142 /* KeyboardView.swift */; };
		F3596F212432C72300EBF142 /* DragAccrossKeyboardTesting.swift in Sources */ = {isa = PBXBuildFile; fileRef = F3596F202432C72200EBF142 /* DragAccrossKeyboardTesting.swift */; };
		F3596F222432C72300EBF142 /* DragAccrossKeyboardTesting.swift in Sources */ = {isa = PBXBuildFile; fileRef = F3596F202432C72200EBF142 /* DragAccrossKeyboardTesting.swift */; };
		F3596F24243300A900EBF142 /* KeyView.swift in Sources */ = {isa = PBXBuildFile; fileRef = F3596F23243300A900EBF142 /* KeyView.swift */; };
		F3596F25243300A900EBF142 /* KeyView.swift in Sources */ = {isa = PBXBuildFile; fileRef = F3596F23243300A900EBF142 /* KeyView.swift */; };
		F3596F2724345A9F00EBF142 /* DeleteKeyView.swift in Sources */ = {isa = PBXBuildFile; fileRef = F3596F2624345A9E00EBF142 /* DeleteKeyView.swift */; };
		F3596F2824345A9F00EBF142 /* DeleteKeyView.swift in Sources */ = {isa = PBXBuildFile; fileRef = F3596F2624345A9E00EBF142 /* DeleteKeyView.swift */; };
		F3596F2C243460FC00EBF142 /* ShiftKeyView.swift in Sources */ = {isa = PBXBuildFile; fileRef = F3596F2B243460FB00EBF142 /* ShiftKeyView.swift */; };
		F3596F2D243460FC00EBF142 /* ShiftKeyView.swift in Sources */ = {isa = PBXBuildFile; fileRef = F3596F2B243460FB00EBF142 /* ShiftKeyView.swift */; };
		F3F6BFCA243839E4003B1138 /* KeyboardStore.swift in Sources */ = {isa = PBXBuildFile; fileRef = F3F6BFC9243839E4003B1138 /* KeyboardStore.swift */; };
		F3F6BFCB243839E4003B1138 /* KeyboardStore.swift in Sources */ = {isa = PBXBuildFile; fileRef = F3F6BFC9243839E4003B1138 /* KeyboardStore.swift */; };
/* End PBXBuildFile section */

/* Begin PBXContainerItemProxy section */
		F3244FD7242C12F100C3DA67 /* PBXContainerItemProxy */ = {
			isa = PBXContainerItemProxy;
			containerPortal = F3244FAF242C11C300C3DA67 /* Project object */;
			proxyType = 1;
			remoteGlobalIDString = F3244FD1242C12F100C3DA67;
			remoteInfo = GaelicKeyboard;
		};
/* End PBXContainerItemProxy section */

/* Begin PBXCopyFilesBuildPhase section */
		F3244FDD242C12F100C3DA67 /* Embed App Extensions */ = {
			isa = PBXCopyFilesBuildPhase;
			buildActionMask = 2147483647;
			dstPath = "";
			dstSubfolderSpec = 13;
			files = (
				F3244FD9242C12F100C3DA67 /* GaelicKeyboard.appex in Embed App Extensions */,
			);
			name = "Embed App Extensions";
			runOnlyForDeploymentPostprocessing = 0;
		};
/* End PBXCopyFilesBuildPhase section */

/* Begin PBXFileReference section */
		F3244FB7242C11C300C3DA67 /* GaelicKeyboardApp.app */ = {isa = PBXFileReference; explicitFileType = wrapper.application; includeInIndex = 0; path = GaelicKeyboardApp.app; sourceTree = BUILT_PRODUCTS_DIR; };
		F3244FBA242C11C300C3DA67 /* AppDelegate.swift */ = {isa = PBXFileReference; lastKnownFileType = sourcecode.swift; path = AppDelegate.swift; sourceTree = "<group>"; };
		F3244FBC242C11C300C3DA67 /* SceneDelegate.swift */ = {isa = PBXFileReference; lastKnownFileType = sourcecode.swift; path = SceneDelegate.swift; sourceTree = "<group>"; };
		F3244FBE242C11C300C3DA67 /* ContentView.swift */ = {isa = PBXFileReference; lastKnownFileType = sourcecode.swift; path = ContentView.swift; sourceTree = "<group>"; };
		F3244FC0242C11D000C3DA67 /* Assets.xcassets */ = {isa = PBXFileReference; lastKnownFileType = folder.assetcatalog; path = Assets.xcassets; sourceTree = "<group>"; };
		F3244FC3242C11D000C3DA67 /* Preview Assets.xcassets */ = {isa = PBXFileReference; lastKnownFileType = folder.assetcatalog; path = "Preview Assets.xcassets"; sourceTree = "<group>"; };
		F3244FC6242C11D000C3DA67 /* Base */ = {isa = PBXFileReference; lastKnownFileType = file.storyboard; name = Base; path = Base.lproj/LaunchScreen.storyboard; sourceTree = "<group>"; };
		F3244FC8242C11D000C3DA67 /* Info.plist */ = {isa = PBXFileReference; lastKnownFileType = text.plist.xml; path = Info.plist; sourceTree = "<group>"; };
		F3244FD2242C12F100C3DA67 /* GaelicKeyboard.appex */ = {isa = PBXFileReference; explicitFileType = "wrapper.app-extension"; includeInIndex = 0; path = GaelicKeyboard.appex; sourceTree = BUILT_PRODUCTS_DIR; };
		F3244FD4242C12F100C3DA67 /* KeyboardViewController.swift */ = {isa = PBXFileReference; lastKnownFileType = sourcecode.swift; path = KeyboardViewController.swift; sourceTree = "<group>"; };
		F3244FD6242C12F100C3DA67 /* Info.plist */ = {isa = PBXFileReference; lastKnownFileType = text.plist.xml; path = Info.plist; sourceTree = "<group>"; };
		F3244FDE242C163B00C3DA67 /* KeyboardKeyButton.swift */ = {isa = PBXFileReference; lastKnownFileType = sourcecode.swift; path = KeyboardKeyButton.swift; sourceTree = "<group>"; };
		F3244FEC242DA06E00C3DA67 /* Colors.txt */ = {isa = PBXFileReference; explicitFileType = text; path = Colors.txt; sourceTree = "<group>"; };
		F3244FF5242DDAAD00C3DA67 /* Sizes.txt */ = {isa = PBXFileReference; lastKnownFileType = text; path = Sizes.txt; sourceTree = "<group>"; };
		F357593B2435B14400FD9AFD /* ReturnKeyView.swift */ = {isa = PBXFileReference; lastKnownFileType = sourcecode.swift; path = ReturnKeyView.swift; sourceTree = "<group>"; };
		F357593E2435B78800FD9AFD /* NumSwitcherKeyView.swift */ = {isa = PBXFileReference; lastKnownFileType = sourcecode.swift; path = NumSwitcherKeyView.swift; sourceTree = "<group>"; };
		F35759452437C6A900FD9AFD /* SymbolSwitcherKeyView.swift */ = {isa = PBXFileReference; lastKnownFileType = sourcecode.swift; path = SymbolSwitcherKeyView.swift; sourceTree = "<group>"; };
		F357594A2437E49C00FD9AFD /* GlobeKeyButtonView.swift */ = {isa = PBXFileReference; lastKnownFileType = sourcecode.swift; path = GlobeKeyButtonView.swift; sourceTree = "<group>"; };
		F3596F1A2431908500EBF142 /* KeyData.swift */ = {isa = PBXFileReference; lastKnownFileType = sourcecode.swift; path = KeyData.swift; sourceTree = "<group>"; };
		F3596F1D2431BFA700EBF142 /* KeyboardView.swift */ = {isa = PBXFileReference; lastKnownFileType = sourcecode.swift; path = KeyboardView.swift; sourceTree = "<group>"; };
		F3596F202432C72200EBF142 /* DragAccrossKeyboardTesting.swift */ = {isa = PBXFileReference; lastKnownFileType = sourcecode.swift; path = DragAccrossKeyboardTesting.swift; sourceTree = "<group>"; };
		F3596F23243300A900EBF142 /* KeyView.swift */ = {isa = PBXFileReference; lastKnownFileType = sourcecode.swift; path = KeyView.swift; sourceTree = "<group>"; };
		F3596F2624345A9E00EBF142 /* DeleteKeyView.swift */ = {isa = PBXFileReference; lastKnownFileType = sourcecode.swift; path = DeleteKeyView.swift; sourceTree = "<group>"; };
		F3596F2B243460FB00EBF142 /* ShiftKeyView.swift */ = {isa = PBXFileReference; lastKnownFileType = sourcecode.swift; path = ShiftKeyView.swift; sourceTree = "<group>"; };
		F3F6BFC9243839E4003B1138 /* KeyboardStore.swift */ = {isa = PBXFileReference; lastKnownFileType = sourcecode.swift; path = KeyboardStore.swift; sourceTree = "<group>"; };
/* End PBXFileReference section */

/* Begin PBXFrameworksBuildPhase section */
		F3244FB4242C11C300C3DA67 /* Frameworks */ = {
			isa = PBXFrameworksBuildPhase;
			buildActionMask = 2147483647;
			files = (
			);
			runOnlyForDeploymentPostprocessing = 0;
		};
		F3244FCF242C12F100C3DA67 /* Frameworks */ = {
			isa = PBXFrameworksBuildPhase;
			buildActionMask = 2147483647;
			files = (
			);
			runOnlyForDeploymentPostprocessing = 0;
		};
/* End PBXFrameworksBuildPhase section */

/* Begin PBXGroup section */
		F3244FAE242C11C300C3DA67 = {
			isa = PBXGroup;
			children = (
				F3244FB9242C11C300C3DA67 /* GaelicKeyboardApp */,
				F3244FD3242C12F100C3DA67 /* GaelicKeyboard */,
				F3244FB8242C11C300C3DA67 /* Products */,
			);
			sourceTree = "<group>";
		};
		F3244FB8242C11C300C3DA67 /* Products */ = {
			isa = PBXGroup;
			children = (
				F3244FB7242C11C300C3DA67 /* GaelicKeyboardApp.app */,
				F3244FD2242C12F100C3DA67 /* GaelicKeyboard.appex */,
			);
			name = Products;
			sourceTree = "<group>";
		};
		F3244FB9242C11C300C3DA67 /* GaelicKeyboardApp */ = {
			isa = PBXGroup;
			children = (
				F3244FBA242C11C300C3DA67 /* AppDelegate.swift */,
				F3244FBC242C11C300C3DA67 /* SceneDelegate.swift */,
				F3244FBE242C11C300C3DA67 /* ContentView.swift */,
				F3244FDE242C163B00C3DA67 /* KeyboardKeyButton.swift */,
				F3596F1D2431BFA700EBF142 /* KeyboardView.swift */,
				F3F6BFC9243839E4003B1138 /* KeyboardStore.swift */,
				F3596F2A243460CD00EBF142 /* Key Views */,
				F3596F1A2431908500EBF142 /* KeyData.swift */,
				F3596F202432C72200EBF142 /* DragAccrossKeyboardTesting.swift */,
				F3244FC0242C11D000C3DA67 /* Assets.xcassets */,
				F3244FC5242C11D000C3DA67 /* LaunchScreen.storyboard */,
				F3244FC8242C11D000C3DA67 /* Info.plist */,
				F3244FEC242DA06E00C3DA67 /* Colors.txt */,
				F3244FF5242DDAAD00C3DA67 /* Sizes.txt */,
				F3244FC2242C11D000C3DA67 /* Preview Content */,
			);
			path = GaelicKeyboardApp;
			sourceTree = "<group>";
		};
		F3244FC2242C11D000C3DA67 /* Preview Content */ = {
			isa = PBXGroup;
			children = (
				F3244FC3242C11D000C3DA67 /* Preview Assets.xcassets */,
			);
			path = "Preview Content";
			sourceTree = "<group>";
		};
		F3244FD3242C12F100C3DA67 /* GaelicKeyboard */ = {
			isa = PBXGroup;
			children = (
				F3244FD4242C12F100C3DA67 /* KeyboardViewController.swift */,
				F3244FD6242C12F100C3DA67 /* Info.plist */,
			);
			path = GaelicKeyboard;
			sourceTree = "<group>";
		};
		F3596F2A243460CD00EBF142 /* Key Views */ = {
			isa = PBXGroup;
			children = (
				F3596F23243300A900EBF142 /* KeyView.swift */,
				F3596F2B243460FB00EBF142 /* ShiftKeyView.swift */,
				F3596F2624345A9E00EBF142 /* DeleteKeyView.swift */,
				F357593B2435B14400FD9AFD /* ReturnKeyView.swift */,
				F357593E2435B78800FD9AFD /* NumSwitcherKeyView.swift */,
				F35759452437C6A900FD9AFD /* SymbolSwitcherKeyView.swift */,
				F357594A2437E49C00FD9AFD /* GlobeKeyButtonView.swift */,
			);
			path = "Key Views";
			sourceTree = "<group>";
		};
/* End PBXGroup section */

/* Begin PBXNativeTarget section */
		F3244FB6242C11C300C3DA67 /* GaelicKeyboardApp */ = {
			isa = PBXNativeTarget;
			buildConfigurationList = F3244FCB242C11D000C3DA67 /* Build configuration list for PBXNativeTarget "GaelicKeyboardApp" */;
			buildPhases = (
				F3244FB3242C11C300C3DA67 /* Sources */,
				F3244FB4242C11C300C3DA67 /* Frameworks */,
				F3244FB5242C11C300C3DA67 /* Resources */,
				F3244FDD242C12F100C3DA67 /* Embed App Extensions */,
			);
			buildRules = (
			);
			dependencies = (
				F3244FD8242C12F100C3DA67 /* PBXTargetDependency */,
			);
			name = GaelicKeyboardApp;
			productName = GaelicKeyboardApp;
			productReference = F3244FB7242C11C300C3DA67 /* GaelicKeyboardApp.app */;
			productType = "com.apple.product-type.application";
		};
		F3244FD1242C12F100C3DA67 /* GaelicKeyboard */ = {
			isa = PBXNativeTarget;
			buildConfigurationList = F3244FDA242C12F100C3DA67 /* Build configuration list for PBXNativeTarget "GaelicKeyboard" */;
			buildPhases = (
				F3244FCE242C12F100C3DA67 /* Sources */,
				F3244FCF242C12F100C3DA67 /* Frameworks */,
				F3244FD0242C12F100C3DA67 /* Resources */,
			);
			buildRules = (
			);
			dependencies = (
			);
			name = GaelicKeyboard;
			productName = GaelicKeyboard;
			productReference = F3244FD2242C12F100C3DA67 /* GaelicKeyboard.appex */;
			productType = "com.apple.product-type.app-extension";
		};
/* End PBXNativeTarget section */

/* Begin PBXProject section */
		F3244FAF242C11C300C3DA67 /* Project object */ = {
			isa = PBXProject;
			attributes = {
				LastSwiftUpdateCheck = 1140;
				LastUpgradeCheck = 1200;
				ORGANIZATIONNAME = Brennanium;
				TargetAttributes = {
					F3244FB6242C11C300C3DA67 = {
						CreatedOnToolsVersion = 11.4;
					};
					F3244FD1242C12F100C3DA67 = {
						CreatedOnToolsVersion = 11.4;
					};
				};
			};
			buildConfigurationList = F3244FB2242C11C300C3DA67 /* Build configuration list for PBXProject "GaelicKeyboardApp" */;
			compatibilityVersion = "Xcode 9.3";
			developmentRegion = en;
			hasScannedForEncodings = 0;
			knownRegions = (
				en,
				Base,
			);
			mainGroup = F3244FAE242C11C300C3DA67;
			productRefGroup = F3244FB8242C11C300C3DA67 /* Products */;
			projectDirPath = "";
			projectRoot = "";
			targets = (
				F3244FB6242C11C300C3DA67 /* GaelicKeyboardApp */,
				F3244FD1242C12F100C3DA67 /* GaelicKeyboard */,
			);
		};
/* End PBXProject section */

/* Begin PBXResourcesBuildPhase section */
		F3244FB5242C11C300C3DA67 /* Resources */ = {
			isa = PBXResourcesBuildPhase;
			buildActionMask = 2147483647;
			files = (
				F3244FC7242C11D000C3DA67 /* LaunchScreen.storyboard in Resources */,
				F3244FE5242C19AC00C3DA67 /* Assets.xcassets in Resources */,
				F3244FED242DA06F00C3DA67 /* Colors.txt in Resources */,
				F3244FF6242DDAAD00C3DA67 /* Sizes.txt in Resources */,
				F3244FC4242C11D000C3DA67 /* Preview Assets.xcassets in Resources */,
			);
			runOnlyForDeploymentPostprocessing = 0;
		};
		F3244FD0242C12F100C3DA67 /* Resources */ = {
			isa = PBXResourcesBuildPhase;
			buildActionMask = 2147483647;
			files = (
				F3244FEE242DA06F00C3DA67 /* Colors.txt in Resources */,
				F357594224369FBA00FD9AFD /* Preview Assets.xcassets in Resources */,
				F3244FF7242DDAAD00C3DA67 /* Sizes.txt in Resources */,
			);
			runOnlyForDeploymentPostprocessing = 0;
		};
/* End PBXResourcesBuildPhase section */

/* Begin PBXSourcesBuildPhase section */
		F3244FB3242C11C300C3DA67 /* Sources */ = {
			isa = PBXSourcesBuildPhase;
			buildActionMask = 2147483647;
			files = (
				F3596F212432C72300EBF142 /* DragAccrossKeyboardTesting.swift in Sources */,
				F3244FE4242C19AC00C3DA67 /* KeyboardKeyButton.swift in Sources */,
				F3244FE6242C19AC00C3DA67 /* KeyboardViewController.swift in Sources */,
				F3596F1E2431BFA700EBF142 /* KeyboardView.swift in Sources */,
				F357594B2437E49C00FD9AFD /* GlobeKeyButtonView.swift in Sources */,
				F3596F1B2431908500EBF142 /* KeyData.swift in Sources */,
				F35759462437C6A900FD9AFD /* SymbolSwitcherKeyView.swift in Sources */,
				F3596F2C243460FC00EBF142 /* ShiftKeyView.swift in Sources */,
				F3596F24243300A900EBF142 /* KeyView.swift in Sources */,
				F357593C2435B14400FD9AFD /* ReturnKeyView.swift in Sources */,
				F3244FE1242C19AC00C3DA67 /* AppDelegate.swift in Sources */,
				F3244FE2242C19AC00C3DA67 /* SceneDelegate.swift in Sources */,
				F3F6BFCA243839E4003B1138 /* KeyboardStore.swift in Sources */,
				F3244FE3242C19AC00C3DA67 /* ContentView.swift in Sources */,
				F3596F2724345A9F00EBF142 /* DeleteKeyView.swift in Sources */,
				F357593F2435B78800FD9AFD /* NumSwitcherKeyView.swift in Sources */,
			);
			runOnlyForDeploymentPostprocessing = 0;
		};
		F3244FCE242C12F100C3DA67 /* Sources */ = {
			isa = PBXSourcesBuildPhase;
			buildActionMask = 2147483647;
			files = (
				F3596F222432C72300EBF142 /* DragAccrossKeyboardTesting.swift in Sources */,
				F3244FEA242C19AC00C3DA67 /* KeyboardKeyButton.swift in Sources */,
				F3244FE7242C19AC00C3DA67 /* AppDelegate.swift in Sources */,
				F3596F1F2431BFA700EBF142 /* KeyboardView.swift in Sources */,
				F357594C2437E49C00FD9AFD /* GlobeKeyButtonView.swift in Sources */,
				F3596F1C2431908500EBF142 /* KeyData.swift in Sources */,
				F35759472437C6A900FD9AFD /* SymbolSwitcherKeyView.swift in Sources */,
				F3596F2D243460FC00EBF142 /* ShiftKeyView.swift in Sources */,
				F3596F25243300A900EBF142 /* KeyView.swift in Sources */,
				F357593D2435B14400FD9AFD /* ReturnKeyView.swift in Sources */,
				F3244FD5242C12F100C3DA67 /* KeyboardViewController.swift in Sources */,
				F3244FE9242C19AC00C3DA67 /* ContentView.swift in Sources */,
				F3F6BFCB243839E4003B1138 /* KeyboardStore.swift in Sources */,
				F3244FE8242C19AC00C3DA67 /* SceneDelegate.swift in Sources */,
				F3596F2824345A9F00EBF142 /* DeleteKeyView.swift in Sources */,
				F35759402435B78800FD9AFD /* NumSwitcherKeyView.swift in Sources */,
			);
			runOnlyForDeploymentPostprocessing = 0;
		};
/* End PBXSourcesBuildPhase section */

/* Begin PBXTargetDependency section */
		F3244FD8242C12F100C3DA67 /* PBXTargetDependency */ = {
			isa = PBXTargetDependency;
			target = F3244FD1242C12F100C3DA67 /* GaelicKeyboard */;
			targetProxy = F3244FD7242C12F100C3DA67 /* PBXContainerItemProxy */;
		};
/* End PBXTargetDependency section */

/* Begin PBXVariantGroup section */
		F3244FC5242C11D000C3DA67 /* LaunchScreen.storyboard */ = {
			isa = PBXVariantGroup;
			children = (
				F3244FC6242C11D000C3DA67 /* Base */,
			);
			name = LaunchScreen.storyboard;
			sourceTree = "<group>";
		};
/* End PBXVariantGroup section */

/* Begin XCBuildConfiguration section */
		F3244FC9242C11D000C3DA67 /* Debug */ = {
			isa = XCBuildConfiguration;
			buildSettings = {
				ALWAYS_SEARCH_USER_PATHS = NO;
				CLANG_ANALYZER_NONNULL = YES;
				CLANG_ANALYZER_NUMBER_OBJECT_CONVERSION = YES_AGGRESSIVE;
				CLANG_CXX_LANGUAGE_STANDARD = "gnu++14";
				CLANG_CXX_LIBRARY = "libc++";
				CLANG_ENABLE_MODULES = YES;
				CLANG_ENABLE_OBJC_ARC = YES;
				CLANG_ENABLE_OBJC_WEAK = YES;
				CLANG_WARN_BLOCK_CAPTURE_AUTORELEASING = YES;
				CLANG_WARN_BOOL_CONVERSION = YES;
				CLANG_WARN_COMMA = YES;
				CLANG_WARN_CONSTANT_CONVERSION = YES;
				CLANG_WARN_DEPRECATED_OBJC_IMPLEMENTATIONS = YES;
				CLANG_WARN_DIRECT_OBJC_ISA_USAGE = YES_ERROR;
				CLANG_WARN_DOCUMENTATION_COMMENTS = YES;
				CLANG_WARN_EMPTY_BODY = YES;
				CLANG_WARN_ENUM_CONVERSION = YES;
				CLANG_WARN_INFINITE_RECURSION = YES;
				CLANG_WARN_INT_CONVERSION = YES;
				CLANG_WARN_NON_LITERAL_NULL_CONVERSION = YES;
				CLANG_WARN_OBJC_IMPLICIT_RETAIN_SELF = YES;
				CLANG_WARN_OBJC_LITERAL_CONVERSION = YES;
				CLANG_WARN_OBJC_ROOT_CLASS = YES_ERROR;
				CLANG_WARN_QUOTED_INCLUDE_IN_FRAMEWORK_HEADER = YES;
				CLANG_WARN_RANGE_LOOP_ANALYSIS = YES;
				CLANG_WARN_STRICT_PROTOTYPES = YES;
				CLANG_WARN_SUSPICIOUS_MOVE = YES;
				CLANG_WARN_UNGUARDED_AVAILABILITY = YES_AGGRESSIVE;
				CLANG_WARN_UNREACHABLE_CODE = YES;
				CLANG_WARN__DUPLICATE_METHOD_MATCH = YES;
				COPY_PHASE_STRIP = NO;
				DEBUG_INFORMATION_FORMAT = dwarf;
				ENABLE_STRICT_OBJC_MSGSEND = YES;
				ENABLE_TESTABILITY = YES;
				GCC_C_LANGUAGE_STANDARD = gnu11;
				GCC_DYNAMIC_NO_PIC = NO;
				GCC_NO_COMMON_BLOCKS = YES;
				GCC_OPTIMIZATION_LEVEL = 0;
				GCC_PREPROCESSOR_DEFINITIONS = (
					"DEBUG=1",
					"$(inherited)",
				);
				GCC_WARN_64_TO_32_BIT_CONVERSION = YES;
				GCC_WARN_ABOUT_RETURN_TYPE = YES_ERROR;
				GCC_WARN_UNDECLARED_SELECTOR = YES;
				GCC_WARN_UNINITIALIZED_AUTOS = YES_AGGRESSIVE;
				GCC_WARN_UNUSED_FUNCTION = YES;
				GCC_WARN_UNUSED_VARIABLE = YES;
				IPHONEOS_DEPLOYMENT_TARGET = 13.4;
				MTL_ENABLE_DEBUG_INFO = INCLUDE_SOURCE;
				MTL_FAST_MATH = YES;
				ONLY_ACTIVE_ARCH = YES;
				SDKROOT = iphoneos;
				SWIFT_ACTIVE_COMPILATION_CONDITIONS = DEBUG;
				SWIFT_OPTIMIZATION_LEVEL = "-Onone";
			};
			name = Debug;
		};
		F3244FCA242C11D000C3DA67 /* Release */ = {
			isa = XCBuildConfiguration;
			buildSettings = {
				ALWAYS_SEARCH_USER_PATHS = NO;
				CLANG_ANALYZER_NONNULL = YES;
				CLANG_ANALYZER_NUMBER_OBJECT_CONVERSION = YES_AGGRESSIVE;
				CLANG_CXX_LANGUAGE_STANDARD = "gnu++14";
				CLANG_CXX_LIBRARY = "libc++";
				CLANG_ENABLE_MODULES = YES;
				CLANG_ENABLE_OBJC_ARC = YES;
				CLANG_ENABLE_OBJC_WEAK = YES;
				CLANG_WARN_BLOCK_CAPTURE_AUTORELEASING = YES;
				CLANG_WARN_BOOL_CONVERSION = YES;
				CLANG_WARN_COMMA = YES;
				CLANG_WARN_CONSTANT_CONVERSION = YES;
				CLANG_WARN_DEPRECATED_OBJC_IMPLEMENTATIONS = YES;
				CLANG_WARN_DIRECT_OBJC_ISA_USAGE = YES_ERROR;
				CLANG_WARN_DOCUMENTATION_COMMENTS = YES;
				CLANG_WARN_EMPTY_BODY = YES;
				CLANG_WARN_ENUM_CONVERSION = YES;
				CLANG_WARN_INFINITE_RECURSION = YES;
				CLANG_WARN_INT_CONVERSION = YES;
				CLANG_WARN_NON_LITERAL_NULL_CONVERSION = YES;
				CLANG_WARN_OBJC_IMPLICIT_RETAIN_SELF = YES;
				CLANG_WARN_OBJC_LITERAL_CONVERSION = YES;
				CLANG_WARN_OBJC_ROOT_CLASS = YES_ERROR;
				CLANG_WARN_QUOTED_INCLUDE_IN_FRAMEWORK_HEADER = YES;
				CLANG_WARN_RANGE_LOOP_ANALYSIS = YES;
				CLANG_WARN_STRICT_PROTOTYPES = YES;
				CLANG_WARN_SUSPICIOUS_MOVE = YES;
				CLANG_WARN_UNGUARDED_AVAILABILITY = YES_AGGRESSIVE;
				CLANG_WARN_UNREACHABLE_CODE = YES;
				CLANG_WARN__DUPLICATE_METHOD_MATCH = YES;
				COPY_PHASE_STRIP = NO;
				DEBUG_INFORMATION_FORMAT = "dwarf-with-dsym";
				ENABLE_NS_ASSERTIONS = NO;
				ENABLE_STRICT_OBJC_MSGSEND = YES;
				GCC_C_LANGUAGE_STANDARD = gnu11;
				GCC_NO_COMMON_BLOCKS = YES;
				GCC_WARN_64_TO_32_BIT_CONVERSION = YES;
				GCC_WARN_ABOUT_RETURN_TYPE = YES_ERROR;
				GCC_WARN_UNDECLARED_SELECTOR = YES;
				GCC_WARN_UNINITIALIZED_AUTOS = YES_AGGRESSIVE;
				GCC_WARN_UNUSED_FUNCTION = YES;
				GCC_WARN_UNUSED_VARIABLE = YES;
				IPHONEOS_DEPLOYMENT_TARGET = 13.4;
				MTL_ENABLE_DEBUG_INFO = NO;
				MTL_FAST_MATH = YES;
				SDKROOT = iphoneos;
				SWIFT_COMPILATION_MODE = wholemodule;
				SWIFT_OPTIMIZATION_LEVEL = "-O";
				VALIDATE_PRODUCT = YES;
			};
			name = Release;
		};
		F3244FCC242C11D000C3DA67 /* Debug */ = {
			isa = XCBuildConfiguration;
			buildSettings = {
				ALWAYS_EMBED_SWIFT_STANDARD_LIBRARIES = YES;
				ASSETCATALOG_COMPILER_APPICON_NAME = AppIcon;
				CODE_SIGN_IDENTITY = "Apple Development";
				CODE_SIGN_STYLE = Automatic;
				DEVELOPMENT_ASSET_PATHS = "\"GaelicKeyboardApp/Preview Content\"";
				DEVELOPMENT_TEAM = XH437MA6D9;
				ENABLE_PREVIEWS = YES;
				INFOPLIST_FILE = GaelicKeyboardApp/Info.plist;
				LD_RUNPATH_SEARCH_PATHS = (
					"$(inherited)",
					"@executable_path/Frameworks",
				);
				PRODUCT_BUNDLE_IDENTIFIER = com.brennanium.GaelicKeyboardApp;
				PRODUCT_NAME = "$(TARGET_NAME)";
				PROVISIONING_PROFILE_SPECIFIER = "";
				SWIFT_VERSION = 5.0;
				TARGETED_DEVICE_FAMILY = "1,2";
			};
			name = Debug;
		};
		F3244FCD242C11D000C3DA67 /* Release */ = {
			isa = XCBuildConfiguration;
			buildSettings = {
				ALWAYS_EMBED_SWIFT_STANDARD_LIBRARIES = YES;
				ASSETCATALOG_COMPILER_APPICON_NAME = AppIcon;
				CODE_SIGN_IDENTITY = "Apple Development";
				CODE_SIGN_STYLE = Automatic;
				DEVELOPMENT_ASSET_PATHS = "\"GaelicKeyboardApp/Preview Content\"";
				DEVELOPMENT_TEAM = XH437MA6D9;
				ENABLE_PREVIEWS = YES;
				INFOPLIST_FILE = GaelicKeyboardApp/Info.plist;
				LD_RUNPATH_SEARCH_PATHS = (
					"$(inherited)",
					"@executable_path/Frameworks",
				);
				PRODUCT_BUNDLE_IDENTIFIER = com.brennanium.GaelicKeyboardApp;
				PRODUCT_NAME = "$(TARGET_NAME)";
				PROVISIONING_PROFILE_SPECIFIER = "";
				SWIFT_VERSION = 5.0;
				TARGETED_DEVICE_FAMILY = "1,2";
			};
			name = Release;
		};
		F3244FDB242C12F100C3DA67 /* Debug */ = {
			isa = XCBuildConfiguration;
			buildSettings = {
				CODE_SIGN_STYLE = Automatic;
				DEVELOPMENT_TEAM = XH437MA6D9;
				INFOPLIST_FILE = GaelicKeyboard/Info.plist;
				LD_RUNPATH_SEARCH_PATHS = (
					"$(inherited)",
					"@executable_path/Frameworks",
					"@executable_path/../../Frameworks",
				);
				PRODUCT_BUNDLE_IDENTIFIER = com.brennanium.GaelicKeyboardApp.GaelicKeyboard;
				PRODUCT_NAME = "$(TARGET_NAME)";
				SKIP_INSTALL = YES;
				SWIFT_VERSION = 5.0;
				TARGETED_DEVICE_FAMILY = "1,2";
			};
			name = Debug;
		};
		F3244FDC242C12F100C3DA67 /* Release */ = {
			isa = XCBuildConfiguration;
			buildSettings = {
				CODE_SIGN_STYLE = Automatic;
				DEVELOPMENT_TEAM = XH437MA6D9;
				INFOPLIST_FILE = GaelicKeyboard/Info.plist;
				LD_RUNPATH_SEARCH_PATHS = (
					"$(inherited)",
					"@executable_path/Frameworks",
					"@executable_path/../../Frameworks",
				);
				PRODUCT_BUNDLE_IDENTIFIER = com.brennanium.GaelicKeyboardApp.GaelicKeyboard;
				PRODUCT_NAME = "$(TARGET_NAME)";
				SKIP_INSTALL = YES;
				SWIFT_VERSION = 5.0;
				TARGETED_DEVICE_FAMILY = "1,2";
			};
			name = Release;
		};
/* End XCBuildConfiguration section */

/* Begin XCConfigurationList section */
		F3244FB2242C11C300C3DA67 /* Build configuration list for PBXProject "GaelicKeyboardApp" */ = {
			isa = XCConfigurationList;
			buildConfigurations = (
				F3244FC9242C11D000C3DA67 /* Debug */,
				F3244FCA242C11D000C3DA67 /* Release */,
			);
			defaultConfigurationIsVisible = 0;
			defaultConfigurationName = Release;
		};
		F3244FCB242C11D000C3DA67 /* Build configuration list for PBXNativeTarget "GaelicKeyboardApp" */ = {
			isa = XCConfigurationList;
			buildConfigurations = (
				F3244FCC242C11D000C3DA67 /* Debug */,
				F3244FCD242C11D000C3DA67 /* Release */,
			);
			defaultConfigurationIsVisible = 0;
			defaultConfigurationName = Release;
		};
		F3244FDA242C12F100C3DA67 /* Build configuration list for PBXNativeTarget "GaelicKeyboard" */ = {
			isa = XCConfigurationList;
			buildConfigurations = (
				F3244FDB242C12F100C3DA67 /* Debug */,
				F3244FDC242C12F100C3DA67 /* Release */,
			);
			defaultConfigurationIsVisible = 0;
			defaultConfigurationName = Release;
		};
/* End XCConfigurationList section */
	};
	rootObject = F3244FAF242C11C300C3DA67 /* Project object */;
}
